{
  "name": "recursive-router",
  "version": "0.0.1",
  "lockfileVersion": 1,
  "requires": true,
  "dependencies": {
    "@types/estree": {
      "version": "0.0.39",
      "resolved": "https://registry.npmjs.org/@types/estree/-/estree-0.0.39.tgz",
      "integrity": "sha512-EYNwp3bU+98cpU4lAWYYL7Zz+2gryWH1qbdDTidVd6hkiR6weksdbMadyXKXNPEkQFhXM+hVO9ZygomHXp+AIw==",
      "dev": true
    },
    "@types/node": {
      "version": "10.7.1",
      "resolved": "https://registry.npmjs.org/@types/node/-/node-10.7.1.tgz",
      "integrity": "sha512-EGoI4ylB/lPOaqXqtzAyL8HcgOuCtH2hkEaLmkueOYufsTFWBn4VCvlCDC2HW8Q+9iF+QVC3sxjDKQYjHQeZ9w==",
      "dev": true
    },
    "mobx": {
      "version": "5.0.3",
      "resolved": "https://registry.npmjs.org/mobx/-/mobx-5.0.3.tgz",
      "integrity": "sha1-U7l/Kg+bDdd3TJYkn4G/LVE9jhw="
    },
    "mobx-state-tree": {
      "version": "3.2.2",
      "resolved": "https://registry.npmjs.org/mobx-state-tree/-/mobx-state-tree-3.2.2.tgz",
      "integrity": "sha512-YFcs54bEtyCVwae+jYLdYaQvVtqe7GJzMgVL2kQu091vyB1LlzdyDufxTzPCnzfatkMzoAkD/3eWPkoZNFMkJg=="
    },
    "rollup": {
      "version": "0.64.1",
      "resolved": "https://registry.npmjs.org/rollup/-/rollup-0.64.1.tgz",
      "integrity": "sha512-+ThdVXrvonJdOTzyybMBipP0uz605Z8AnzWVY3rf+cSGnLO7uNkJBlN+9jXqWOomkvumXfm/esmBpA5d53qm7g==",
      "dev": true,
      "requires": {
        "@types/estree": "0.0.39",
        "@types/node": "10.7.1"
      }
    }
  }
}
